{
    "_meta": {
        "hash": {
            "sha256": "3b5d5e230abd080afbb93d5289d15240ec5c4b48ffa7724435cabba96e80a557"
        },
        "pipfile-spec": 6,
        "requires": {
            "python_full_version": "3.11.8",
            "python_version": "3.11"
        },
        "sources": [
            {
                "name": "pypi",
                "url": "https://pypi.org/simple",
                "verify_ssl": true
            }
        ]
    },
    "default": {
        "async-timeout": {
            "hashes": [
                "sha256:4640d96be84d82d02ed59ea2b7105a0f7b33abe8703703cd0ab0bf87c427522f",
                "sha256:7405140ff1230c310e51dc27b3145b9092d659ce68ff733fb0cefe3ee42be028"
            ],
            "markers": "python_version >= '3.7'",
            "version": "==4.0.3"
        },
        "dnspython": {
            "hashes": [
                "sha256:36c5e8e38d4369a08b6780b7f27d790a292b2b08eea01607865bf0936c558e01",
                "sha256:f69c21288a962f4da86e56c4905b49d11aba7938d3d740e80d9e366ee4f1632d"
            ],
            "version": "==1.16.0"
        },
        "mongoengine": {
            "hashes": [
                "sha256:34f28f34295fe095037c0219e528e72745d405d998d96773e8b1286694a2d38d",
                "sha256:d4eebe5fd271a6f1bacda8806204800fe1872582d0852c561a10f63e9ff31666"
            ],
            "index": "pypi",
            "markers": "python_version >= '3.7'",
            "version": "==0.28.0"
        },
        "pymongo": {
            "extras": [
                "srv"
            ],
            "hashes": [
                "sha256:03dc64a9aa7a5d405aea5c56db95835f6a2fa31b3502c5af1760e0e99210be30",
                "sha256:05fcc6f9c60e6efe5219fbb5a30258adb3d3e5cbd317068f3d73c09727f2abb6",
                "sha256:076a7f2f7c251635cf6116ac8e45eefac77758ee5a77ab7bd2f63999e957613b",
                "sha256:137e6fa718c7eff270dbd2fc4b90d94b1a69c9e9eb3f3de9e850a7fd33c822dc",
                "sha256:1f865b1d1c191d785106f54df9abdc7d2f45a946b45fd1ea0a641b4f982a2a77",
                "sha256:213c445fe7e654621c6309e874627c35354b46ef3ee807f5a1927dc4b30e1a67",
                "sha256:25e617daf47d8dfd4e152c880cd0741cbdb48e51f54b8de9ddbfe74ecd87dd16",
                "sha256:3d9bb1ba935a90ec4809a8031efd988bdb13cdba05d9e9a3e9bf151bf759ecde",
                "sha256:40696a9a53faa7d85aaa6fd7bef1cae08f7882640bad08c350fb59dee7ad069b",
                "sha256:421aa1b92c291c429668bd8d8d8ec2bd00f183483a756928e3afbf2b6f941f00",
                "sha256:4437300eb3a5e9cc1a73b07d22c77302f872f339caca97e9bf8cf45eca8fa0d2",
                "sha256:455f4deb00158d5ec8b1d3092df6abb681b225774ab8a59b3510293b4c8530e3",
                "sha256:475a34a0745c456ceffaec4ce86b7e0983478f1b6140890dff7b161e7bcd895b",
                "sha256:4797c0080f41eba90404335e5ded3aa66731d303293a675ff097ce4ea3025bb9",
                "sha256:4ae23fbbe9eadf61279a26eba866bbf161a6f7e2ffad14a42cf20e9cb8e94166",
                "sha256:4b32744901ee9990aa8cd488ec85634f443526def1e5190a407dc107148249d7",
                "sha256:50127b13b38e8e586d5e97d342689405edbd74ad0bd891d97ee126a8c7b6e45f",
                "sha256:50531caa7b4be1c4ed5e2d5793a4e51cc9bd62a919a6fd3299ef7c902e206eab",
                "sha256:63a5387e496a98170ffe638b435c0832c0f2011a6f4ff7a2880f17669fff8c03",
                "sha256:68220b81850de8e966d4667d5c325a96c6ac0d6adb3d18935d6e3d325d441f48",
                "sha256:689142dc0c150e9cb7c012d84cac2c346d40beb891323afb6caf18ec4caafae0",
                "sha256:6a15e2bee5c4188369a87ed6f02de804651152634a46cca91966a11c8abd2550",
                "sha256:7122ffe597b531fb065d3314e704a6fe152b81820ca5f38543e70ffcc95ecfd4",
                "sha256:7307024b18266b302f4265da84bb1effb5d18999ef35b30d17592959568d5c0a",
                "sha256:7a4a6f5b818988a3917ec4baa91d1143242bdfece8d38305020463955961266a",
                "sha256:83c5a3ecd96a9f3f11cfe6dfcbcec7323265340eb24cc996acaecea129865a3a",
                "sha256:890b0f1e18dbd898aeb0ab9eae1ab159c6bcbe87f0abb065b0044581d8614062",
                "sha256:8deda1f7b4c03242f2a8037706d9584e703f3d8c74d6d9cac5833db36fe16c42",
                "sha256:8ea13d0348b4c96b437d944d7068d59ed4a6c98aaa6c40d8537a2981313f1c66",
                "sha256:91e96bf85b7c07c827d339a386e8a3cf2e90ef098c42595227f729922d0851df",
                "sha256:96782ebb3c9e91e174c333208b272ea144ed2a684413afb1038e3b3342230d72",
                "sha256:9755c726aa6788f076114dfdc03b92b03ff8860316cca00902cce88bcdb5fedd",
                "sha256:9dbab90c348c512e03f146e93a5e2610acec76df391043ecd46b6b775d5397e6",
                "sha256:9ee0eef254e340cc11c379f797af3977992a7f2c176f1a658740c94bf677e13c",
                "sha256:9fc17fdac8f1973850d42e51e8ba6149d93b1993ed6768a24f352f926dd3d587",
                "sha256:a2787319dc69854acdfd6452e6a8ba8f929aeb20843c7f090e04159fc18e6245",
                "sha256:b7c522292407fa04d8195032493aac937e253ad9ae524aab43b9d9d242571f03",
                "sha256:bd312794f51e37dcf77f013d40650fe4fbb211dd55ef2863839c37480bd44369",
                "sha256:c0d660a186e36c526366edf8a64391874fe53cf8b7039224137aee0163c046df",
                "sha256:c4869141e20769b65d2d72686e7a7eb141ce9f3168106bed3e7dcced54eb2422",
                "sha256:cc4057f692ac35bbe82a0a908d42ce3a281c9e913290fac37d7fa3bd01307dfb",
                "sha256:cccf1e7806f12300e3a3b48f219e111000c2538483e85c869c35c1ae591e6ce9",
                "sha256:ce208f80f398522e49d9db789065c8ad2cd37b21bd6b23d30053474b7416af11",
                "sha256:d0565481dc196986c484a7fb13214fc6402201f7fb55c65fd215b3324962fe6c",
                "sha256:d1b3366329c45a474b3bbc9b9c95d4c686e03f35da7fd12bc144626d1f2a7c04",
                "sha256:d226e0d4b9192d95079a9a29c04dd81816b1ce8903b8c174a39224fe978547cb",
                "sha256:d38b35f6eef4237b1d0d8e845fc1546dad85c55eba447e28c211da8c7ef9697c",
                "sha256:d64c98277ea80e4484f1332ab107e8dfd173a7dcf1bdbf10a9cccc97aaab145f",
                "sha256:d9de8427a5601799784eb0e7fa1b031aa64086ce04de29df775a8ca37eedac41",
                "sha256:e6a15cf8f887d9f578dd49c6fb3a99d53e1d922fdd67a245a67488d77bf56eb2",
                "sha256:e8c446882cbb3774cd78c738c9f58220606b702b7c1655f1423357dc51674054",
                "sha256:e8d188ee39bd0ffe76603da887706e4e7b471f613625899ddf1e27867dc6a0d3",
                "sha256:ef76535776c0708a85258f6dc51d36a2df12633c735f6d197ed7dfcaa7449b99",
                "sha256:f6efca006a81e1197b925a7d7b16b8f61980697bb6746587aad8842865233218"
            ],
            "markers": "python_version >= '2.7' and python_version not in '3.0, 3.1, 3.2, 3.3'",
            "version": "==3.11.0"
        },
        "rapidfuzz": {
            "hashes": [
                "sha256:01835d02acd5d95c1071e1da1bb27fe213c84a013b899aba96380ca9962364bc",
                "sha256:01eb03cd880a294d1bf1a583fdd00b87169b9cc9c9f52587411506658c864d73",
                "sha256:03f73b381bdeccb331a12c3c60f1e41943931461cdb52987f2ecf46bfc22f50d",
                "sha256:0402f1629e91a4b2e4aee68043a30191e5e1b7cd2aa8dacf50b1a1bcf6b7d3ab",
                "sha256:060bd7277dc794279fa95522af355034a29c90b42adcb7aa1da358fc839cdb11",
                "sha256:064c1d66c40b3a0f488db1f319a6e75616b2e5fe5430a59f93a9a5e40a656d15",
                "sha256:06e98ff000e2619e7cfe552d086815671ed09b6899408c2c1b5103658261f6f3",
                "sha256:08b6fb47dd889c69fbc0b915d782aaed43e025df6979b6b7f92084ba55edd526",
                "sha256:0a9fc714b8c290261669f22808913aad49553b686115ad0ee999d1cb3df0cd66",
                "sha256:0bbfae35ce4de4c574b386c43c78a0be176eeddfdae148cb2136f4605bebab89",
                "sha256:12ff8eaf4a9399eb2bebd838f16e2d1ded0955230283b07376d68947bbc2d33d",
                "sha256:1936d134b6c513fbe934aeb668b0fee1ffd4729a3c9d8d373f3e404fbb0ce8a0",
                "sha256:1c47d592e447738744905c18dda47ed155620204714e6df20eb1941bb1ba315e",
                "sha256:1dfc557c0454ad22382373ec1b7df530b4bbd974335efe97a04caec936f2956a",
                "sha256:1e12319c6b304cd4c32d5db00b7a1e36bdc66179c44c5707f6faa5a889a317c0",
                "sha256:23de71e7f05518b0bbeef55d67b5dbce3bcd3e2c81e7e533051a2e9401354eb0",
                "sha256:266dd630f12696ea7119f31d8b8e4959ef45ee2cbedae54417d71ae6f47b9848",
                "sha256:2963f4a3f763870a16ee076796be31a4a0958fbae133dbc43fc55c3968564cf5",
                "sha256:2a791168e119cfddf4b5a40470620c872812042f0621e6a293983a2d52372db0",
                "sha256:2b155e67fff215c09f130555002e42f7517d0ea72cbd58050abb83cb7c880cec",
                "sha256:2b19795b26b979c845dba407fe79d66975d520947b74a8ab6cee1d22686f7967",
                "sha256:2e03038bfa66d2d7cffa05d81c2f18fd6acbb25e7e3c068d52bb7469e07ff382",
                "sha256:3028ee8ecc48250607fa8a0adce37b56275ec3b1acaccd84aee1f68487c8557b",
                "sha256:35660bee3ce1204872574fa041c7ad7ec5175b3053a4cb6e181463fc07013de7",
                "sha256:3c772d04fb0ebeece3109d91f6122b1503023086a9591a0b63d6ee7326bd73d9",
                "sha256:3c84294f4470fcabd7830795d754d808133329e0a81d62fcc2e65886164be83b",
                "sha256:40cced1a8852652813f30fb5d4b8f9b237112a0bbaeebb0f4cc3611502556764",
                "sha256:4243a9c35667a349788461aae6471efde8d8800175b7db5148a6ab929628047f",
                "sha256:42f211e366e026de110a4246801d43a907cd1a10948082f47e8a4e6da76fef52",
                "sha256:4381023fa1ff32fd5076f5d8321249a9aa62128eb3f21d7ee6a55373e672b261",
                "sha256:484759b5dbc5559e76fefaa9170147d1254468f555fd9649aea3bad46162a88b",
                "sha256:49b9ed2472394d306d5dc967a7de48b0aab599016aa4477127b20c2ed982dbf9",
                "sha256:53251e256017e2b87f7000aee0353ba42392c442ae0bafd0f6b948593d3f68c6",
                "sha256:588c4b20fa2fae79d60a4e438cf7133d6773915df3cc0a7f1351da19eb90f720",
                "sha256:5a2f3e9df346145c2be94e4d9eeffb82fab0cbfee85bd4a06810e834fe7c03fa",
                "sha256:5d82b9651e3d34b23e4e8e201ecd3477c2baa17b638979deeabbb585bcb8ba74",
                "sha256:5dd95b6b7bfb1584f806db89e1e0c8dbb9d25a30a4683880c195cc7f197eaf0c",
                "sha256:692c9a50bea7a8537442834f9bc6b7d29d8729a5b6379df17c31b6ab4df948c2",
                "sha256:6b0ccc2ec1781c7e5370d96aef0573dd1f97335343e4982bdb3a44c133e27786",
                "sha256:6dede83a6b903e3ebcd7e8137e7ff46907ce9316e9d7e7f917d7e7cdc570ee05",
                "sha256:7142ee354e9c06e29a2636b9bbcb592bb00600a88f02aa5e70e4f230347b373e",
                "sha256:7183157edf0c982c0b8592686535c8b3e107f13904b36d85219c77be5cefd0d8",
                "sha256:7420e801b00dee4a344ae2ee10e837d603461eb180e41d063699fb7efe08faf0",
                "sha256:757dfd7392ec6346bd004f8826afb3bf01d18a723c97cbe9958c733ab1a51791",
                "sha256:76c23ceaea27e790ddd35ef88b84cf9d721806ca366199a76fd47cfc0457a81b",
                "sha256:7fec74c234d3097612ea80f2a80c60720eec34947066d33d34dc07a3092e8105",
                "sha256:82300e5f8945d601c2daaaac139d5524d7c1fdf719aa799a9439927739917460",
                "sha256:841eafba6913c4dfd53045835545ba01a41e9644e60920c65b89c8f7e60c00a9",
                "sha256:8d7a072f10ee57c8413c8ab9593086d42aaff6ee65df4aa6663eecdb7c398dca",
                "sha256:8e4da90e4c2b444d0a171d7444ea10152e07e95972bb40b834a13bdd6de1110c",
                "sha256:96cd19934f76a1264e8ecfed9d9f5291fde04ecb667faef5f33bdbfd95fe2d1f",
                "sha256:a03863714fa6936f90caa7b4b50ea59ea32bb498cc91f74dc25485b3f8fccfe9",
                "sha256:a1788ebb5f5b655a15777e654ea433d198f593230277e74d51a2a1e29a986283",
                "sha256:a3ee4f8f076aa92184e80308fc1a079ac356b99c39408fa422bbd00145be9854",
                "sha256:a490cd645ef9d8524090551016f05f052e416c8adb2d8b85d35c9baa9d0428ab",
                "sha256:a553cc1a80d97459d587529cc43a4c7c5ecf835f572b671107692fe9eddf3e24",
                "sha256:a59472b43879012b90989603aa5a6937a869a72723b1bf2ff1a0d1edee2cc8e6",
                "sha256:ac434fc71edda30d45db4a92ba5e7a42c7405e1a54cb4ec01d03cc668c6dcd40",
                "sha256:ad9d74ef7c619b5b0577e909582a1928d93e07d271af18ba43e428dc3512c2a1",
                "sha256:ae598a172e3a95df3383634589660d6b170cc1336fe7578115c584a99e0ba64d",
                "sha256:b2ef4c0fd3256e357b70591ffb9e8ed1d439fb1f481ba03016e751a55261d7c1",
                "sha256:b3e5af946f419c30f5cb98b69d40997fe8580efe78fc83c2f0f25b60d0e56efb",
                "sha256:b53137d81e770c82189e07a8f32722d9e4260f13a0aec9914029206ead38cac3",
                "sha256:b7e3375e4f2bfec77f907680328e4cd16cc64e137c84b1886d547ab340ba6928",
                "sha256:bcc957c0a8bde8007f1a8a413a632a1a409890f31f73fe764ef4eac55f59ca87",
                "sha256:be156f51f3a4f369e758505ed4ae64ea88900dcb2f89d5aabb5752676d3f3d7e",
                "sha256:be368573255f8fbb0125a78330a1a40c65e9ba3c5ad129a426ff4289099bfb41",
                "sha256:c1a23eee225dfb21c07f25c9fcf23eb055d0056b48e740fe241cbb4b22284379",
                "sha256:c65f92881753aa1098c77818e2b04a95048f30edbe9c3094dc3707d67df4598b",
                "sha256:ca3dfcf74f2b6962f411c33dd95b0adf3901266e770da6281bc96bb5a8b20de9",
                "sha256:cd4ba4c18b149da11e7f1b3584813159f189dc20833709de5f3df8b1342a9759",
                "sha256:d056e342989248d2bdd67f1955bb7c3b0ecfa239d8f67a8dfe6477b30872c607",
                "sha256:d2f0274595cc5b2b929c80d4e71b35041104b577e118cf789b3fe0a77b37a4c5",
                "sha256:d73dcfe789d37c6c8b108bf1e203e027714a239e50ad55572ced3c004424ed3b",
                "sha256:d79aec8aeee02ab55d0ddb33cea3ecd7b69813a48e423c966a26d7aab025cdfe",
                "sha256:da3e8c9f7e64bb17faefda085ff6862ecb3ad8b79b0f618a6cf4452028aa2222",
                "sha256:dad55a514868dae4543ca48c4e1fc0fac704ead038dafedf8f1fc0cc263746c1",
                "sha256:dec307b57ec2d5054d77d03ee4f654afcd2c18aee00c48014cb70bfed79597d6",
                "sha256:e06c4242a1354cf9d48ee01f6f4e6e19c511d50bb1e8d7d20bcadbb83a2aea90",
                "sha256:e19d519386e9db4a5335a4b29f25b8183a1c3f78cecb4c9c3112e7f86470e37f",
                "sha256:e49b9575d16c56c696bc7b06a06bf0c3d4ef01e89137b3ddd4e2ce709af9fe06",
                "sha256:ebcfb5bfd0a733514352cfc94224faad8791e576a80ffe2fd40b2177bf0e7198",
                "sha256:ed0f712e0bb5fea327e92aec8a937afd07ba8de4c529735d82e4c4124c10d5a0",
                "sha256:edf97c321fd641fea2793abce0e48fa4f91f3c202092672f8b5b4e781960b891",
                "sha256:eef8b346ab331bec12bbc83ac75641249e6167fab3d84d8f5ca37fd8e6c7a08c",
                "sha256:f056ba42fd2f32e06b2c2ba2443594873cfccc0c90c8b6327904fc2ddf6d5799",
                "sha256:f382f7ffe384ce34345e1c0b2065451267d3453cadde78946fbd99a59f0cc23c",
                "sha256:f59d19078cc332dbdf3b7b210852ba1f5db8c0a2cd8cc4c0ed84cc00c76e6802",
                "sha256:fbc07e2e4ac696497c5f66ec35c21ddab3fc7a406640bffed64c26ab2f7ce6d6",
                "sha256:fde9b14302a31af7bdafbf5cfbb100201ba21519be2b9dedcf4f1048e4fbe65d"
            ],
            "markers": "python_version >= '3.8'",
            "version": "==3.6.1"
        },
        "redis": {
            "hashes": [
                "sha256:3f82cc80d350e93042c8e6e7a5d0596e4dd68715babffba79492733e1f367037",
                "sha256:4caa8e1fcb6f3c0ef28dba99535101d80934b7d4cd541bbb47f4a3826ee472d1"
            ],
            "index": "pypi",
            "markers": "python_version >= '3.7'",
            "version": "==5.0.2"
        },
        "redis-lru": {
            "hashes": [
                "sha256:01a648cb42d8efdb9472c5c42980da3dad4be4b6d45f2d9811ff6f69bcbfb164",
                "sha256:e6c2f56b43900b5a8f741d1db44bdcf423f228d6f3665f48a9ec6321c5579d0a"
            ],
            "index": "pypi",
            "markers": "python_version >= '3.4'",
            "version": "==0.1.2"
        },
        "thefuzz": {
            "hashes": [
                "sha256:59729b33556850b90e1093c4cf9e618af6f2e4c985df193fdf3c5b5cf02ca481",
                "sha256:7138039a7ecf540da323792d8592ef9902b1d79eb78c147d4f20664de79f3680"
            ],
            "index": "pypi",
            "markers": "python_version >= '3.8'",
            "version": "==0.22.1"
        }
    },
    "develop": {}
}
